
Microsoft Visual Studio Solution File, Format Version 12.00
# Visual Studio Version 16
VisualStudioVersion = 16.0.29728.190
MinimumVisualStudioVersion = 10.0.40219.1
Project("{FAE04EC0-301F-11D3-BF4B-00C04F79EFBC}") = "savenko_v_c_sharp_part_two", "savenko_v_c_sharp_part_two.csproj", "{0307A88F-D376-4FE9-9EF4-378E03DEFD38}"
EndProject
Global
	GlobalSection(SolutionConfigurationPlatforms) = preSolution
		Debug|Any CPU = Debug|Any CPU
		Release|Any CPU = Release|Any CPU
	EndGlobalSection
	GlobalSection(ProjectConfigurationPlatforms) = postSolution
		{0307A88F-D376-4FE9-9EF4-378E03DEFD38}.Debug|Any CPU.ActiveCfg = Debug|Any CPU
		{0307A88F-D376-4FE9-9EF4-378E03DEFD38}.Debug|Any CPU.Build.0 = Debug|Any CPU
		{0307A88F-D376-4FE9-9EF4-378E03DEFD38}.Release|Any CPU.ActiveCfg = Release|Any CPU
		{0307A88F-D376-4FE9-9EF4-378E03DEFD38}.Release|Any CPU.Build.0 = Release|Any CPU
	EndGlobalSection
	GlobalSection(SolutionProperties) = preSolution
		HideSolutionNode = FALSE
	EndGlobalSection
	GlobalSection(ExtensibilityGlobals) = postSolution
		SolutionGuid = {77CB281D-86C5-4899-9890-137B70494722}
	EndGlobalSection
EndGlobal
